
Microsoft Visual Studio Solution File, Format Version 12.00
# Visual Studio Version 17
VisualStudioVersion = 17.2.32630.192
MinimumVisualStudioVersion = 10.0.40219.1
Project("{FAE04EC0-301F-11D3-BF4B-00C04F79EFBC}") = "BlazorNabiLink", "BlazorNabiLink\BlazorNabiLink.csproj", "{BF116E79-A158-462C-A70B-49D66CD3D207}"
EndProject
Global
	GlobalSection(SolutionConfigurationPlatforms) = preSolution
		Debug|Any CPU = Debug|Any CPU
		Release|Any CPU = Release|Any CPU
	EndGlobalSection
	GlobalSection(ProjectConfigurationPlatforms) = postSolution
		{BF116E79-A158-462C-A70B-49D66CD3D207}.Debug|Any CPU.ActiveCfg = Debug|Any CPU
		{BF116E79-A158-462C-A70B-49D66CD3D207}.Debug|Any CPU.Build.0 = Debug|Any CPU
		{BF116E79-A158-462C-A70B-49D66CD3D207}.Release|Any CPU.ActiveCfg = Release|Any CPU
		{BF116E79-A158-462C-A70B-49D66CD3D207}.Release|Any CPU.Build.0 = Release|Any CPU
	EndGlobalSection
	GlobalSection(SolutionProperties) = preSolution
		HideSolutionNode = FALSE
	EndGlobalSection
	GlobalSection(ExtensibilityGlobals) = postSolution
		SolutionGuid = {A77D9B2C-18B6-4333-B91C-8A3C3B9D65B6}
	EndGlobalSection
EndGlobal
